
Microsoft Visual Studio Solution File, Format Version 12.00
# Visual Studio Version 17
VisualStudioVersion = 17.6.33723.286
MinimumVisualStudioVersion = 10.0.40219.1
Project("{2150E333-8FDC-42A3-9474-1A3956D46DE8}") = "Docs", "Docs", "{5632FADC-5295-4190-939B-A2C8B47BDAAF}"
	ProjectSection(SolutionItems) = preProject
		ReadMe.md = ReadMe.md
	EndProjectSection
EndProject
Project("{9A19103F-16F7-4668-BE54-9A1E7A4F7556}") = "VtlSoftware.Common.Core", "VtlSoftware.Common.Core\VtlSoftware.Common.Core.csproj", "{150EC281-E06E-4062-A5F6-C0E7801531ED}"
EndProject
Project("{9A19103F-16F7-4668-BE54-9A1E7A4F7556}") = "VtlSoftware.Aspects.Logging", "VtlSoftware.Aspects.Logging\VtlSoftware.Aspects.Logging.csproj", "{D5E4072B-9CFB-4F02-8906-948DE1DF741A}"
EndProject
Project("{9A19103F-16F7-4668-BE54-9A1E7A4F7556}") = "VtlSoftware.Common.Standard", "VtlSoftware.Common.Standard\VtlSoftware.Common.Standard.csproj", "{9A5A62CE-EFB5-49DE-8E83-EE828D1EC82C}"
EndProject
Project("{9A19103F-16F7-4668-BE54-9A1E7A4F7556}") = "VtlSoftware.Common.Standard21", "VtlSoftware.Common.Standard21\VtlSoftware.Common.Standard21.csproj", "{F4EB49F6-6BF4-4EA9-8822-78D2B995DD96}"
EndProject
Project("{FAE04EC0-301F-11D3-BF4B-00C04F79EFBC}") = "VtlSoftware.Aspects.Logging21", "VtlSoftware.Aspects.Logging21\VtlSoftware.Aspects.Logging21.csproj", "{3D34748C-9515-47F0-B00C-205A51E8E5D3}"
EndProject
Project("{FAE04EC0-301F-11D3-BF4B-00C04F79EFBC}") = "VtlSoftware.Aspects.Polly21", "VtlSoftware.Aspects.Polly21\VtlSoftware.Aspects.Polly21.csproj", "{918D1D3F-9ED6-4FB9-9F7A-4AEB395D5E81}"
EndProject
Global
	GlobalSection(SolutionConfigurationPlatforms) = preSolution
		Debug|Any CPU = Debug|Any CPU
		Release|Any CPU = Release|Any CPU
	EndGlobalSection
	GlobalSection(ProjectConfigurationPlatforms) = postSolution
		{150EC281-E06E-4062-A5F6-C0E7801531ED}.Debug|Any CPU.ActiveCfg = Debug|Any CPU
		{150EC281-E06E-4062-A5F6-C0E7801531ED}.Debug|Any CPU.Build.0 = Debug|Any CPU
		{150EC281-E06E-4062-A5F6-C0E7801531ED}.Release|Any CPU.ActiveCfg = Release|Any CPU
		{150EC281-E06E-4062-A5F6-C0E7801531ED}.Release|Any CPU.Build.0 = Release|Any CPU
		{D5E4072B-9CFB-4F02-8906-948DE1DF741A}.Debug|Any CPU.ActiveCfg = Debug|Any CPU
		{D5E4072B-9CFB-4F02-8906-948DE1DF741A}.Debug|Any CPU.Build.0 = Debug|Any CPU
		{D5E4072B-9CFB-4F02-8906-948DE1DF741A}.Release|Any CPU.ActiveCfg = Release|Any CPU
		{D5E4072B-9CFB-4F02-8906-948DE1DF741A}.Release|Any CPU.Build.0 = Release|Any CPU
		{9A5A62CE-EFB5-49DE-8E83-EE828D1EC82C}.Debug|Any CPU.ActiveCfg = Debug|Any CPU
		{9A5A62CE-EFB5-49DE-8E83-EE828D1EC82C}.Debug|Any CPU.Build.0 = Debug|Any CPU
		{9A5A62CE-EFB5-49DE-8E83-EE828D1EC82C}.Release|Any CPU.ActiveCfg = Release|Any CPU
		{9A5A62CE-EFB5-49DE-8E83-EE828D1EC82C}.Release|Any CPU.Build.0 = Release|Any CPU
		{F4EB49F6-6BF4-4EA9-8822-78D2B995DD96}.Debug|Any CPU.ActiveCfg = Debug|Any CPU
		{F4EB49F6-6BF4-4EA9-8822-78D2B995DD96}.Debug|Any CPU.Build.0 = Debug|Any CPU
		{F4EB49F6-6BF4-4EA9-8822-78D2B995DD96}.Release|Any CPU.ActiveCfg = Release|Any CPU
		{F4EB49F6-6BF4-4EA9-8822-78D2B995DD96}.Release|Any CPU.Build.0 = Release|Any CPU
		{3D34748C-9515-47F0-B00C-205A51E8E5D3}.Debug|Any CPU.ActiveCfg = Debug|Any CPU
		{3D34748C-9515-47F0-B00C-205A51E8E5D3}.Debug|Any CPU.Build.0 = Debug|Any CPU
		{3D34748C-9515-47F0-B00C-205A51E8E5D3}.Release|Any CPU.ActiveCfg = Release|Any CPU
		{3D34748C-9515-47F0-B00C-205A51E8E5D3}.Release|Any CPU.Build.0 = Release|Any CPU
		{918D1D3F-9ED6-4FB9-9F7A-4AEB395D5E81}.Debug|Any CPU.ActiveCfg = Debug|Any CPU
		{918D1D3F-9ED6-4FB9-9F7A-4AEB395D5E81}.Debug|Any CPU.Build.0 = Debug|Any CPU
		{918D1D3F-9ED6-4FB9-9F7A-4AEB395D5E81}.Release|Any CPU.ActiveCfg = Release|Any CPU
		{918D1D3F-9ED6-4FB9-9F7A-4AEB395D5E81}.Release|Any CPU.Build.0 = Release|Any CPU
	EndGlobalSection
	GlobalSection(SolutionProperties) = preSolution
		HideSolutionNode = FALSE
	EndGlobalSection
	GlobalSection(ExtensibilityGlobals) = postSolution
		SolutionGuid = {3F66AEA2-B8C0-4AD9-823E-3CB181622722}
	EndGlobalSection
EndGlobal
